
Microsoft Visual Studio Solution File, Format Version 12.00
# Visual Studio 14
VisualStudioVersion = 14.0.25420.1
MinimumVisualStudioVersion = 10.0.40219.1
Project("{FAE04EC0-301F-11D3-BF4B-00C04F79EFBC}") = "BigInteger_v2", "BigInteger\BigInteger_v2.csproj", "{DCFBA86B-B236-4F88-9893-20016469204D}"
EndProject
Global
	GlobalSection(SolutionConfigurationPlatforms) = preSolution
		Debug|Any CPU = Debug|Any CPU
		Release|Any CPU = Release|Any CPU
	EndGlobalSection
	GlobalSection(ProjectConfigurationPlatforms) = postSolution
		{DCFBA86B-B236-4F88-9893-20016469204D}.Debug|Any CPU.ActiveCfg = Debug|Any CPU
		{DCFBA86B-B236-4F88-9893-20016469204D}.Debug|Any CPU.Build.0 = Debug|Any CPU
		{DCFBA86B-B236-4F88-9893-20016469204D}.Release|Any CPU.ActiveCfg = Release|Any CPU
		{DCFBA86B-B236-4F88-9893-20016469204D}.Release|Any CPU.Build.0 = Release|Any CPU
	EndGlobalSection
	GlobalSection(SolutionProperties) = preSolution
		HideSolutionNode = FALSE
	EndGlobalSection
EndGlobal
